
Microsoft Visual Studio Solution File, Format Version 12.00
# Visual Studio Version 17
VisualStudioVersion = 17.10.35122.118
MinimumVisualStudioVersion = 10.0.40219.1
Project("{9A19103F-16F7-4668-BE54-9A1E7A4F7556}") = "CardIdentifyWPF", "CardIdentifyWPF.csproj", "{C9B3D671-FCE3-47F8-8EA6-8E56D0A037CC}"
EndProject
Project("{FAE04EC0-301F-11D3-BF4B-00C04F79EFBC}") = "StarsWPF", "..\StarsWPF\StarsWPF.csproj", "{772D7342-6A20-4104-BB0C-FDD58492D0D5}"
EndProject
Global
	GlobalSection(SolutionConfigurationPlatforms) = preSolution
		Debug|Any CPU = Debug|Any CPU
		Release|Any CPU = Release|Any CPU
	EndGlobalSection
	GlobalSection(ProjectConfigurationPlatforms) = postSolution
		{C9B3D671-FCE3-47F8-8EA6-8E56D0A037CC}.Debug|Any CPU.ActiveCfg = Debug|Any CPU
		{C9B3D671-FCE3-47F8-8EA6-8E56D0A037CC}.Debug|Any CPU.Build.0 = Debug|Any CPU
		{C9B3D671-FCE3-47F8-8EA6-8E56D0A037CC}.Release|Any CPU.ActiveCfg = Release|Any CPU
		{C9B3D671-FCE3-47F8-8EA6-8E56D0A037CC}.Release|Any CPU.Build.0 = Release|Any CPU
		{772D7342-6A20-4104-BB0C-FDD58492D0D5}.Debug|Any CPU.ActiveCfg = Debug|Any CPU
		{772D7342-6A20-4104-BB0C-FDD58492D0D5}.Debug|Any CPU.Build.0 = Debug|Any CPU
		{772D7342-6A20-4104-BB0C-FDD58492D0D5}.Release|Any CPU.ActiveCfg = Release|Any CPU
		{772D7342-6A20-4104-BB0C-FDD58492D0D5}.Release|Any CPU.Build.0 = Release|Any CPU
	EndGlobalSection
	GlobalSection(SolutionProperties) = preSolution
		HideSolutionNode = FALSE
	EndGlobalSection
	GlobalSection(ExtensibilityGlobals) = postSolution
		SolutionGuid = {C3503D75-E126-4D4A-AB03-6A3BBC961FC1}
	EndGlobalSection
EndGlobal
