
Microsoft Visual Studio Solution File, Format Version 12.00
# Visual Studio Version 17
VisualStudioVersion = 17.10.35122.118
MinimumVisualStudioVersion = 10.0.40219.1
Project("{FAE04EC0-301F-11D3-BF4B-00C04F79EFBC}") = "RockPaper,Scissors", "RockPaper,Scissors.csproj", "{98130D55-A208-457E-B2E8-7DE337985881}"
EndProject
Global
	GlobalSection(SolutionConfigurationPlatforms) = preSolution
		Debug|Any CPU = Debug|Any CPU
		Release|Any CPU = Release|Any CPU
	EndGlobalSection
	GlobalSection(ProjectConfigurationPlatforms) = postSolution
		{98130D55-A208-457E-B2E8-7DE337985881}.Debug|Any CPU.ActiveCfg = Debug|Any CPU
		{98130D55-A208-457E-B2E8-7DE337985881}.Debug|Any CPU.Build.0 = Debug|Any CPU
		{98130D55-A208-457E-B2E8-7DE337985881}.Release|Any CPU.ActiveCfg = Release|Any CPU
		{98130D55-A208-457E-B2E8-7DE337985881}.Release|Any CPU.Build.0 = Release|Any CPU
	EndGlobalSection
	GlobalSection(SolutionProperties) = preSolution
		HideSolutionNode = FALSE
	EndGlobalSection
	GlobalSection(ExtensibilityGlobals) = postSolution
		SolutionGuid = {20A10C82-5CFF-40EA-A20E-0C3679C5BF36}
	EndGlobalSection
EndGlobal
