
Microsoft Visual Studio Solution File, Format Version 12.00
# Visual Studio Version 17
VisualStudioVersion = 17.10.35122.118
MinimumVisualStudioVersion = 10.0.40219.1
Project("{FAE04EC0-301F-11D3-BF4B-00C04F79EFBC}") = "GuessingGameNumber", "GuessingGameNumber.csproj", "{353B167D-76E7-4FE7-8E0E-1F559785FDC8}"
EndProject
Global
	GlobalSection(SolutionConfigurationPlatforms) = preSolution
		Debug|Any CPU = Debug|Any CPU
		Release|Any CPU = Release|Any CPU
	EndGlobalSection
	GlobalSection(ProjectConfigurationPlatforms) = postSolution
		{353B167D-76E7-4FE7-8E0E-1F559785FDC8}.Debug|Any CPU.ActiveCfg = Debug|Any CPU
		{353B167D-76E7-4FE7-8E0E-1F559785FDC8}.Debug|Any CPU.Build.0 = Debug|Any CPU
		{353B167D-76E7-4FE7-8E0E-1F559785FDC8}.Release|Any CPU.ActiveCfg = Release|Any CPU
		{353B167D-76E7-4FE7-8E0E-1F559785FDC8}.Release|Any CPU.Build.0 = Release|Any CPU
	EndGlobalSection
	GlobalSection(SolutionProperties) = preSolution
		HideSolutionNode = FALSE
	EndGlobalSection
	GlobalSection(ExtensibilityGlobals) = postSolution
		SolutionGuid = {312473CF-8D92-4A27-822A-3BCBEE52F37A}
	EndGlobalSection
EndGlobal
